
Microsoft Visual Studio Solution File, Format Version 12.00
# Visual Studio Version 17
VisualStudioVersion = 17.7.34221.43
MinimumVisualStudioVersion = 10.0.40219.1
Project("{FAE04EC0-301F-11D3-BF4B-00C04F79EFBC}") = "SyntaxAndSemantics", "SyntaxAndSemantics\SyntaxAndSemantics.csproj", "{A0CA7132-31F9-4923-8D28-22EBFEDEFEF3}"
EndProject
Global
	GlobalSection(SolutionConfigurationPlatforms) = preSolution
		Debug|Any CPU = Debug|Any CPU
		Release|Any CPU = Release|Any CPU
	EndGlobalSection
	GlobalSection(ProjectConfigurationPlatforms) = postSolution
		{A0CA7132-31F9-4923-8D28-22EBFEDEFEF3}.Debug|Any CPU.ActiveCfg = Debug|Any CPU
		{A0CA7132-31F9-4923-8D28-22EBFEDEFEF3}.Debug|Any CPU.Build.0 = Debug|Any CPU
		{A0CA7132-31F9-4923-8D28-22EBFEDEFEF3}.Release|Any CPU.ActiveCfg = Release|Any CPU
		{A0CA7132-31F9-4923-8D28-22EBFEDEFEF3}.Release|Any CPU.Build.0 = Release|Any CPU
	EndGlobalSection
	GlobalSection(SolutionProperties) = preSolution
		HideSolutionNode = FALSE
	EndGlobalSection
	GlobalSection(ExtensibilityGlobals) = postSolution
		SolutionGuid = {16988B88-F046-4333-A8CF-E46C9CD45BB3}
	EndGlobalSection
EndGlobal
